
Microsoft Visual Studio Solution File, Format Version 12.00
# Visual Studio 15
VisualStudioVersion = 15.0.27004.2002
MinimumVisualStudioVersion = 10.0.40219.1
Project("{FAE04EC0-301F-11D3-BF4B-00C04F79EFBC}") = "Aop_ILCodeWeaving_PostSharp", "Aop_ILCodeWeaving_PostSharp\Aop_ILCodeWeaving_PostSharp.csproj", "{060F8758-53F0-468A-8142-D4EACA9EAC95}"
EndProject
Global
	GlobalSection(SolutionConfigurationPlatforms) = preSolution
		Debug|Any CPU = Debug|Any CPU
		Release|Any CPU = Release|Any CPU
	EndGlobalSection
	GlobalSection(ProjectConfigurationPlatforms) = postSolution
		{060F8758-53F0-468A-8142-D4EACA9EAC95}.Debug|Any CPU.ActiveCfg = Debug|Any CPU
		{060F8758-53F0-468A-8142-D4EACA9EAC95}.Debug|Any CPU.Build.0 = Debug|Any CPU
		{060F8758-53F0-468A-8142-D4EACA9EAC95}.Release|Any CPU.ActiveCfg = Release|Any CPU
		{060F8758-53F0-468A-8142-D4EACA9EAC95}.Release|Any CPU.Build.0 = Release|Any CPU
	EndGlobalSection
	GlobalSection(SolutionProperties) = preSolution
		HideSolutionNode = FALSE
	EndGlobalSection
	GlobalSection(ExtensibilityGlobals) = postSolution
		SolutionGuid = {4FAA7BAB-CE4B-49B1-B0BC-0CB650F74637}
	EndGlobalSection
EndGlobal
